
Microsoft Visual Studio Solution File, Format Version 11.00
# Visual Studio 2010
Project("{E24C65DC-7377-472B-9ABA-BC803B73C61A}") = "FeedMeHash", "..\..\WebSites\FeedMeHash\", "{9203E25B-138F-4019-96C4-F172CF6A4B1A}"
	ProjectSection(WebsiteProperties) = preProject
		TargetFrameworkMoniker = ".NETFramework,Version%3Dv3.5"
		Debug.AspNetCompiler.VirtualPath = "/FeedMeHash"
		Debug.AspNetCompiler.PhysicalPath = "..\..\WebSites\FeedMeHash\"
		Debug.AspNetCompiler.TargetPath = "PrecompiledWeb\FeedMeHash\"
		Debug.AspNetCompiler.Updateable = "true"
		Debug.AspNetCompiler.ForceOverwrite = "true"
		Debug.AspNetCompiler.FixedNames = "false"
		Debug.AspNetCompiler.Debug = "True"
		Release.AspNetCompiler.VirtualPath = "/FeedMeHash"
		Release.AspNetCompiler.PhysicalPath = "..\..\WebSites\FeedMeHash\"
		Release.AspNetCompiler.TargetPath = "PrecompiledWeb\FeedMeHash\"
		Release.AspNetCompiler.Updateable = "true"
		Release.AspNetCompiler.ForceOverwrite = "true"
		Release.AspNetCompiler.FixedNames = "false"
		Release.AspNetCompiler.Debug = "False"
		VWDPort = "2213"
		DefaultWebSiteLanguage = "Visual C#"
	EndProjectSection
EndProject
Global
	GlobalSection(SolutionConfigurationPlatforms) = preSolution
		Debug|Any CPU = Debug|Any CPU
	EndGlobalSection
	GlobalSection(ProjectConfigurationPlatforms) = postSolution
		{9203E25B-138F-4019-96C4-F172CF6A4B1A}.Debug|Any CPU.ActiveCfg = Debug|Any CPU
		{9203E25B-138F-4019-96C4-F172CF6A4B1A}.Debug|Any CPU.Build.0 = Debug|Any CPU
	EndGlobalSection
	GlobalSection(SolutionProperties) = preSolution
		HideSolutionNode = FALSE
	EndGlobalSection
EndGlobal
